// !$*UTF8*$!
{
	archiveVersion = 1;
	classes = {
	};
	objectVersion = 56;
	objects = {

/* Begin PBXBuildFile section */
		B662FA0D29B74C66003BA5EE /* ProductListItemView.swift in Sources */ = {isa = PBXBuildFile; fileRef = B662FA0C29B74C66003BA5EE /* ProductListItemView.swift */; };
		B67332E829B634BE00FD8234 /* ParadeApp.swift in Sources */ = {isa = PBXBuildFile; fileRef = B67332E729B634BE00FD8234 /* ParadeApp.swift */; };
		B67332EC29B634BF00FD8234 /* Assets.xcassets in Resources */ = {isa = PBXBuildFile; fileRef = B67332EB29B634BF00FD8234 /* Assets.xcassets */; };
		B67332EF29B634BF00FD8234 /* Preview Assets.xcassets in Resources */ = {isa = PBXBuildFile; fileRef = B67332EE29B634BF00FD8234 /* Preview Assets.xcassets */; };
		B67332FA29B6360A00FD8234 /* CoreParade in Frameworks */ = {isa = PBXBuildFile; productRef = B67332F929B6360A00FD8234 /* CoreParade */; };
		B67332FC29B6360E00FD8234 /* PresentationParade in Frameworks */ = {isa = PBXBuildFile; productRef = B67332FB29B6360E00FD8234 /* PresentationParade */; };
		B6A9B2F829B66AE00044CDDB /* ProductsListView.swift in Sources */ = {isa = PBXBuildFile; fileRef = B6A9B2F729B66AE00044CDDB /* ProductsListView.swift */; };
		B6A9B2FE29B66E120044CDDB /* RemoteImage.swift in Sources */ = {isa = PBXBuildFile; fileRef = B6A9B2FD29B66E120044CDDB /* RemoteImage.swift */; };
		B6A9B30429B6946D0044CDDB /* ImageLoader.swift in Sources */ = {isa = PBXBuildFile; fileRef = B6A9B30329B6946D0044CDDB /* ImageLoader.swift */; };
		B6A9B30729B72A0F0044CDDB /* ProductDetailView.swift in Sources */ = {isa = PBXBuildFile; fileRef = B6A9B30629B72A0F0044CDDB /* ProductDetailView.swift */; };
/* End PBXBuildFile section */

/* Begin PBXFileReference section */
		B662FA0C29B74C66003BA5EE /* ProductListItemView.swift */ = {isa = PBXFileReference; lastKnownFileType = sourcecode.swift; path = ProductListItemView.swift; sourceTree = "<group>"; };
		B67332E429B634BE00FD8234 /* Parade.app */ = {isa = PBXFileReference; explicitFileType = wrapper.application; includeInIndex = 0; path = Parade.app; sourceTree = BUILT_PRODUCTS_DIR; };
		B67332E729B634BE00FD8234 /* ParadeApp.swift */ = {isa = PBXFileReference; lastKnownFileType = sourcecode.swift; path = ParadeApp.swift; sourceTree = "<group>"; };
		B67332EB29B634BF00FD8234 /* Assets.xcassets */ = {isa = PBXFileReference; lastKnownFileType = folder.assetcatalog; path = Assets.xcassets; sourceTree = "<group>"; };
		B67332EE29B634BF00FD8234 /* Preview Assets.xcassets */ = {isa = PBXFileReference; lastKnownFileType = folder.assetcatalog; path = "Preview Assets.xcassets"; sourceTree = "<group>"; };
		B67332F529B6354900FD8234 /* CoreParade */ = {isa = PBXFileReference; lastKnownFileType = wrapper; path = CoreParade; sourceTree = "<group>"; };
		B67332F729B6359E00FD8234 /* PresentationParade */ = {isa = PBXFileReference; lastKnownFileType = wrapper; path = PresentationParade; sourceTree = "<group>"; };
		B6A9B2F729B66AE00044CDDB /* ProductsListView.swift */ = {isa = PBXFileReference; lastKnownFileType = sourcecode.swift; path = ProductsListView.swift; sourceTree = "<group>"; };
		B6A9B2FD29B66E120044CDDB /* RemoteImage.swift */ = {isa = PBXFileReference; lastKnownFileType = sourcecode.swift; path = RemoteImage.swift; sourceTree = "<group>"; };
		B6A9B30329B6946D0044CDDB /* ImageLoader.swift */ = {isa = PBXFileReference; lastKnownFileType = sourcecode.swift; path = ImageLoader.swift; sourceTree = "<group>"; };
		B6A9B30629B72A0F0044CDDB /* ProductDetailView.swift */ = {isa = PBXFileReference; lastKnownFileType = sourcecode.swift; path = ProductDetailView.swift; sourceTree = "<group>"; };
/* End PBXFileReference section */

/* Begin PBXFrameworksBuildPhase section */
		B67332E129B634BE00FD8234 /* Frameworks */ = {
			isa = PBXFrameworksBuildPhase;
			buildActionMask = 2147483647;
			files = (
				B67332FA29B6360A00FD8234 /* CoreParade in Frameworks */,
				B67332FC29B6360E00FD8234 /* PresentationParade in Frameworks */,
			);
			runOnlyForDeploymentPostprocessing = 0;
		};
/* End PBXFrameworksBuildPhase section */

/* Begin PBXGroup section */
		B67332DB29B634BE00FD8234 = {
			isa = PBXGroup;
			children = (
				B67332F529B6354900FD8234 /* CoreParade */,
				B67332F729B6359E00FD8234 /* PresentationParade */,
				B67332E629B634BE00FD8234 /* Source */,
				B67332E529B634BE00FD8234 /* Products */,
				B67332F829B6360A00FD8234 /* Frameworks */,
			);
			sourceTree = "<group>";
		};
		B67332E529B634BE00FD8234 /* Products */ = {
			isa = PBXGroup;
			children = (
				B67332E429B634BE00FD8234 /* Parade.app */,
			);
			name = Products;
			sourceTree = "<group>";
		};
		B67332E629B634BE00FD8234 /* Source */ = {
			isa = PBXGroup;
			children = (
				B67332FF29B6397E00FD8234 /* Views */,
				B67332E729B634BE00FD8234 /* ParadeApp.swift */,
				B67332EB29B634BF00FD8234 /* Assets.xcassets */,
				B67332ED29B634BF00FD8234 /* Preview Content */,
			);
			path = Source;
			sourceTree = "<group>";
		};
		B67332ED29B634BF00FD8234 /* Preview Content */ = {
			isa = PBXGroup;
			children = (
				B67332EE29B634BF00FD8234 /* Preview Assets.xcassets */,
			);
			path = "Preview Content";
			sourceTree = "<group>";
		};
		B67332F829B6360A00FD8234 /* Frameworks */ = {
			isa = PBXGroup;
			children = (
			);
			name = Frameworks;
			sourceTree = "<group>";
		};
		B67332FD29B6395500FD8234 /* ProductList */ = {
			isa = PBXGroup;
			children = (
				B6A9B2F729B66AE00044CDDB /* ProductsListView.swift */,
				B662FA0C29B74C66003BA5EE /* ProductListItemView.swift */,
			);
			path = ProductList;
			sourceTree = "<group>";
		};
		B67332FF29B6397E00FD8234 /* Views */ = {
			isa = PBXGroup;
			children = (
				B6A9B30529B729F80044CDDB /* ProductDetail */,
				B6A9B30229B6945C0044CDDB /* Infrastructure */,
				B6A9B2FC29B66E030044CDDB /* CustomViews */,
				B67332FD29B6395500FD8234 /* ProductList */,
			);
			path = Views;
			sourceTree = "<group>";
		};
		B6A9B2FC29B66E030044CDDB /* CustomViews */ = {
			isa = PBXGroup;
			children = (
				B6A9B2FD29B66E120044CDDB /* RemoteImage.swift */,
			);
			path = CustomViews;
			sourceTree = "<group>";
		};
		B6A9B30229B6945C0044CDDB /* Infrastructure */ = {
			isa = PBXGroup;
			children = (
				B6A9B30329B6946D0044CDDB /* ImageLoader.swift */,
			);
			path = Infrastructure;
			sourceTree = "<group>";
		};
		B6A9B30529B729F80044CDDB /* ProductDetail */ = {
			isa = PBXGroup;
			children = (
				B6A9B30629B72A0F0044CDDB /* ProductDetailView.swift */,
			);
			path = ProductDetail;
			sourceTree = "<group>";
		};
/* End PBXGroup section */

/* Begin PBXNativeTarget section */
		B67332E329B634BE00FD8234 /* Parade */ = {
			isa = PBXNativeTarget;
			buildConfigurationList = B67332F229B634BF00FD8234 /* Build configuration list for PBXNativeTarget "Parade" */;
			buildPhases = (
				B67332E029B634BE00FD8234 /* Sources */,
				B67332E129B634BE00FD8234 /* Frameworks */,
				B67332E229B634BE00FD8234 /* Resources */,
			);
			buildRules = (
			);
			dependencies = (
			);
			name = Parade;
			packageProductDependencies = (
				B67332F929B6360A00FD8234 /* CoreParade */,
				B67332FB29B6360E00FD8234 /* PresentationParade */,
			);
			productName = Parade;
			productReference = B67332E429B634BE00FD8234 /* Parade.app */;
			productType = "com.apple.product-type.application";
		};
/* End PBXNativeTarget section */

/* Begin PBXProject section */
		B67332DC29B634BE00FD8234 /* Project object */ = {
			isa = PBXProject;
			attributes = {
				BuildIndependentTargetsInParallel = 1;
				LastSwiftUpdateCheck = 1420;
				LastUpgradeCheck = 1420;
				TargetAttributes = {
					B67332E329B634BE00FD8234 = {
						CreatedOnToolsVersion = 14.2;
					};
				};
			};
			buildConfigurationList = B67332DF29B634BE00FD8234 /* Build configuration list for PBXProject "Parade" */;
			compatibilityVersion = "Xcode 14.0";
			developmentRegion = en;
			hasScannedForEncodings = 0;
			knownRegions = (
				en,
				Base,
			);
			mainGroup = B67332DB29B634BE00FD8234;
			productRefGroup = B67332E529B634BE00FD8234 /* Products */;
			projectDirPath = "";
			projectRoot = "";
			targets = (
				B67332E329B634BE00FD8234 /* Parade */,
			);
		};
/* End PBXProject section */

/* Begin PBXResourcesBuildPhase section */
		B67332E229B634BE00FD8234 /* Resources */ = {
			isa = PBXResourcesBuildPhase;
			buildActionMask = 2147483647;
			files = (
				B67332EF29B634BF00FD8234 /* Preview Assets.xcassets in Resources */,
				B67332EC29B634BF00FD8234 /* Assets.xcassets in Resources */,
			);
			runOnlyForDeploymentPostprocessing = 0;
		};
/* End PBXResourcesBuildPhase section */

/* Begin PBXSourcesBuildPhase section */
		B67332E029B634BE00FD8234 /* Sources */ = {
			isa = PBXSourcesBuildPhase;
			buildActionMask = 2147483647;
			files = (
				B67332E829B634BE00FD8234 /* ParadeApp.swift in Sources */,
				B6A9B30429B6946D0044CDDB /* ImageLoader.swift in Sources */,
				B6A9B2FE29B66E120044CDDB /* RemoteImage.swift in Sources */,
				B6A9B2F829B66AE00044CDDB /* ProductsListView.swift in Sources */,
				B6A9B30729B72A0F0044CDDB /* ProductDetailView.swift in Sources */,
				B662FA0D29B74C66003BA5EE /* ProductListItemView.swift in Sources */,
			);
			runOnlyForDeploymentPostprocessing = 0;
		};
/* End PBXSourcesBuildPhase section */

/* Begin XCBuildConfiguration section */
		B67332F029B634BF00FD8234 /* Debug */ = {
			isa = XCBuildConfiguration;
			buildSettings = {
				ALWAYS_SEARCH_USER_PATHS = NO;
				CLANG_ANALYZER_NONNULL = YES;
				CLANG_ANALYZER_NUMBER_OBJECT_CONVERSION = YES_AGGRESSIVE;
				CLANG_CXX_LANGUAGE_STANDARD = "gnu++20";
				CLANG_ENABLE_MODULES = YES;
				CLANG_ENABLE_OBJC_ARC = YES;
				CLANG_ENABLE_OBJC_WEAK = YES;
				CLANG_WARN_BLOCK_CAPTURE_AUTORELEASING = YES;
				CLANG_WARN_BOOL_CONVERSION = YES;
				CLANG_WARN_COMMA = YES;
				CLANG_WARN_CONSTANT_CONVERSION = YES;
				CLANG_WARN_DEPRECATED_OBJC_IMPLEMENTATIONS = YES;
				CLANG_WARN_DIRECT_OBJC_ISA_USAGE = YES_ERROR;
				CLANG_WARN_DOCUMENTATION_COMMENTS = YES;
				CLANG_WARN_EMPTY_BODY = YES;
				CLANG_WARN_ENUM_CONVERSION = YES;
				CLANG_WARN_INFINITE_RECURSION = YES;
				CLANG_WARN_INT_CONVERSION = YES;
				CLANG_WARN_NON_LITERAL_NULL_CONVERSION = YES;
				CLANG_WARN_OBJC_IMPLICIT_RETAIN_SELF = YES;
				CLANG_WARN_OBJC_LITERAL_CONVERSION = YES;
				CLANG_WARN_OBJC_ROOT_CLASS = YES_ERROR;
				CLANG_WARN_QUOTED_INCLUDE_IN_FRAMEWORK_HEADER = YES;
				CLANG_WARN_RANGE_LOOP_ANALYSIS = YES;
				CLANG_WARN_STRICT_PROTOTYPES = YES;
				CLANG_WARN_SUSPICIOUS_MOVE = YES;
				CLANG_WARN_UNGUARDED_AVAILABILITY = YES_AGGRESSIVE;
				CLANG_WARN_UNREACHABLE_CODE = YES;
				CLANG_WARN__DUPLICATE_METHOD_MATCH = YES;
				COPY_PHASE_STRIP = NO;
				DEBUG_INFORMATION_FORMAT = dwarf;
				ENABLE_STRICT_OBJC_MSGSEND = YES;
				ENABLE_TESTABILITY = YES;
				GCC_C_LANGUAGE_STANDARD = gnu11;
				GCC_DYNAMIC_NO_PIC = NO;
				GCC_NO_COMMON_BLOCKS = YES;
				GCC_OPTIMIZATION_LEVEL = 0;
				GCC_PREPROCESSOR_DEFINITIONS = (
					"DEBUG=1",
					"$(inherited)",
				);
				GCC_WARN_64_TO_32_BIT_CONVERSION = YES;
				GCC_WARN_ABOUT_RETURN_TYPE = YES_ERROR;
				GCC_WARN_UNDECLARED_SELECTOR = YES;
				GCC_WARN_UNINITIALIZED_AUTOS = YES_AGGRESSIVE;
				GCC_WARN_UNUSED_FUNCTION = YES;
				GCC_WARN_UNUSED_VARIABLE = YES;
				IPHONEOS_DEPLOYMENT_TARGET = 16.2;
				MTL_ENABLE_DEBUG_INFO = INCLUDE_SOURCE;
				MTL_FAST_MATH = YES;
				ONLY_ACTIVE_ARCH = YES;
				SDKROOT = iphoneos;
				SWIFT_ACTIVE_COMPILATION_CONDITIONS = DEBUG;
				SWIFT_OPTIMIZATION_LEVEL = "-Onone";
			};
			name = Debug;
		};
		B67332F129B634BF00FD8234 /* Release */ = {
			isa = XCBuildConfiguration;
			buildSettings = {
				ALWAYS_SEARCH_USER_PATHS = NO;
				CLANG_ANALYZER_NONNULL = YES;
				CLANG_ANALYZER_NUMBER_OBJECT_CONVERSION = YES_AGGRESSIVE;
				CLANG_CXX_LANGUAGE_STANDARD = "gnu++20";
				CLANG_ENABLE_MODULES = YES;
				CLANG_ENABLE_OBJC_ARC = YES;
				CLANG_ENABLE_OBJC_WEAK = YES;
				CLANG_WARN_BLOCK_CAPTURE_AUTORELEASING = YES;
				CLANG_WARN_BOOL_CONVERSION = YES;
				CLANG_WARN_COMMA = YES;
				CLANG_WARN_CONSTANT_CONVERSION = YES;
				CLANG_WARN_DEPRECATED_OBJC_IMPLEMENTATIONS = YES;
				CLANG_WARN_DIRECT_OBJC_ISA_USAGE = YES_ERROR;
				CLANG_WARN_DOCUMENTATION_COMMENTS = YES;
				CLANG_WARN_EMPTY_BODY = YES;
				CLANG_WARN_ENUM_CONVERSION = YES;
				CLANG_WARN_INFINITE_RECURSION = YES;
				CLANG_WARN_INT_CONVERSION = YES;
				CLANG_WARN_NON_LITERAL_NULL_CONVERSION = YES;
				CLANG_WARN_OBJC_IMPLICIT_RETAIN_SELF = YES;
				CLANG_WARN_OBJC_LITERAL_CONVERSION = YES;
				CLANG_WARN_OBJC_ROOT_CLASS = YES_ERROR;
				CLANG_WARN_QUOTED_INCLUDE_IN_FRAMEWORK_HEADER = YES;
				CLANG_WARN_RANGE_LOOP_ANALYSIS = YES;
				CLANG_WARN_STRICT_PROTOTYPES = YES;
				CLANG_WARN_SUSPICIOUS_MOVE = YES;
				CLANG_WARN_UNGUARDED_AVAILABILITY = YES_AGGRESSIVE;
				CLANG_WARN_UNREACHABLE_CODE = YES;
				CLANG_WARN__DUPLICATE_METHOD_MATCH = YES;
				COPY_PHASE_STRIP = NO;
				DEBUG_INFORMATION_FORMAT = "dwarf-with-dsym";
				ENABLE_NS_ASSERTIONS = NO;
				ENABLE_STRICT_OBJC_MSGSEND = YES;
				GCC_C_LANGUAGE_STANDARD = gnu11;
				GCC_NO_COMMON_BLOCKS = YES;
				GCC_WARN_64_TO_32_BIT_CONVERSION = YES;
				GCC_WARN_ABOUT_RETURN_TYPE = YES_ERROR;
				GCC_WARN_UNDECLARED_SELECTOR = YES;
				GCC_WARN_UNINITIALIZED_AUTOS = YES_AGGRESSIVE;
				GCC_WARN_UNUSED_FUNCTION = YES;
				GCC_WARN_UNUSED_VARIABLE = YES;
				IPHONEOS_DEPLOYMENT_TARGET = 16.2;
				MTL_ENABLE_DEBUG_INFO = NO;
				MTL_FAST_MATH = YES;
				SDKROOT = iphoneos;
				SWIFT_COMPILATION_MODE = wholemodule;
				SWIFT_OPTIMIZATION_LEVEL = "-O";
				VALIDATE_PRODUCT = YES;
			};
			name = Release;
		};
		B67332F329B634BF00FD8234 /* Debug */ = {
			isa = XCBuildConfiguration;
			buildSettings = {
				ASSETCATALOG_COMPILER_APPICON_NAME = AppIcon;
				ASSETCATALOG_COMPILER_GLOBAL_ACCENT_COLOR_NAME = AccentColor;
				CODE_SIGN_STYLE = Automatic;
				CURRENT_PROJECT_VERSION = 1;
				DEVELOPMENT_ASSET_PATHS = "\"Source/Preview Content\"";
				DEVELOPMENT_TEAM = D8WF94JYK9;
				ENABLE_PREVIEWS = YES;
				GENERATE_INFOPLIST_FILE = YES;
				INFOPLIST_KEY_UIApplicationSceneManifest_Generation = YES;
				INFOPLIST_KEY_UIApplicationSupportsIndirectInputEvents = YES;
				INFOPLIST_KEY_UILaunchScreen_Generation = YES;
				INFOPLIST_KEY_UISupportedInterfaceOrientations_iPad = "UIInterfaceOrientationPortrait UIInterfaceOrientationPortraitUpsideDown UIInterfaceOrientationLandscapeLeft UIInterfaceOrientationLandscapeRight";
				INFOPLIST_KEY_UISupportedInterfaceOrientations_iPhone = "UIInterfaceOrientationPortrait UIInterfaceOrientationLandscapeLeft UIInterfaceOrientationLandscapeRight";
				IPHONEOS_DEPLOYMENT_TARGET = 14.0;
				LD_RUNPATH_SEARCH_PATHS = (
					"$(inherited)",
					"@executable_path/Frameworks",
				);
				MARKETING_VERSION = 1.0;
				PRODUCT_BUNDLE_IDENTIFIER = com.blacktentdev.Parade;
				PRODUCT_NAME = "$(TARGET_NAME)";
				SWIFT_EMIT_LOC_STRINGS = YES;
				SWIFT_VERSION = 5.0;
				TARGETED_DEVICE_FAMILY = "1,2";
			};
			name = Debug;
		};
		B67332F429B634BF00FD8234 /* Release */ = {
			isa = XCBuildConfiguration;
			buildSettings = {
				ASSETCATALOG_COMPILER_APPICON_NAME = AppIcon;
				ASSETCATALOG_COMPILER_GLOBAL_ACCENT_COLOR_NAME = AccentColor;
				CODE_SIGN_STYLE = Automatic;
				CURRENT_PROJECT_VERSION = 1;
				DEVELOPMENT_ASSET_PATHS = "\"Source/Preview Content\"";
				DEVELOPMENT_TEAM = D8WF94JYK9;
				ENABLE_PREVIEWS = YES;
				GENERATE_INFOPLIST_FILE = YES;
				INFOPLIST_KEY_UIApplicationSceneManifest_Generation = YES;
				INFOPLIST_KEY_UIApplicationSupportsIndirectInputEvents = YES;
				INFOPLIST_KEY_UILaunchScreen_Generation = YES;
				INFOPLIST_KEY_UISupportedInterfaceOrientations_iPad = "UIInterfaceOrientationPortrait UIInterfaceOrientationPortraitUpsideDown UIInterfaceOrientationLandscapeLeft UIInterfaceOrientationLandscapeRight";
				INFOPLIST_KEY_UISupportedInterfaceOrientations_iPhone = "UIInterfaceOrientationPortrait UIInterfaceOrientationLandscapeLeft UIInterfaceOrientationLandscapeRight";
				IPHONEOS_DEPLOYMENT_TARGET = 14.0;
				LD_RUNPATH_SEARCH_PATHS = (
					"$(inherited)",
					"@executable_path/Frameworks",
				);
				MARKETING_VERSION = 1.0;
				PRODUCT_BUNDLE_IDENTIFIER = com.blacktentdev.Parade;
				PRODUCT_NAME = "$(TARGET_NAME)";
				SWIFT_EMIT_LOC_STRINGS = YES;
				SWIFT_VERSION = 5.0;
				TARGETED_DEVICE_FAMILY = "1,2";
			};
			name = Release;
		};
/* End XCBuildConfiguration section */

/* Begin XCConfigurationList section */
		B67332DF29B634BE00FD8234 /* Build configuration list for PBXProject "Parade" */ = {
			isa = XCConfigurationList;
			buildConfigurations = (
				B67332F029B634BF00FD8234 /* Debug */,
				B67332F129B634BF00FD8234 /* Release */,
			);
			defaultConfigurationIsVisible = 0;
			defaultConfigurationName = Release;
		};
		B67332F229B634BF00FD8234 /* Build configuration list for PBXNativeTarget "Parade" */ = {
			isa = XCConfigurationList;
			buildConfigurations = (
				B67332F329B634BF00FD8234 /* Debug */,
				B67332F429B634BF00FD8234 /* Release */,
			);
			defaultConfigurationIsVisible = 0;
			defaultConfigurationName = Release;
		};
/* End XCConfigurationList section */

/* Begin XCSwiftPackageProductDependency section */
		B67332F929B6360A00FD8234 /* CoreParade */ = {
			isa = XCSwiftPackageProductDependency;
			productName = CoreParade;
		};
		B67332FB29B6360E00FD8234 /* PresentationParade */ = {
			isa = XCSwiftPackageProductDependency;
			productName = PresentationParade;
		};
/* End XCSwiftPackageProductDependency section */
	};
	rootObject = B67332DC29B634BE00FD8234 /* Project object */;
}
